// !$*UTF8*$!
{
	archiveVersion = 1;
	classes = {
	};
	objectVersion = 56;
	objects = {

/* Begin PBXBuildFile section */
		C33BDD5E2C5675E700677EE9 /* SearchBarView.swift in Sources */ = {isa = PBXBuildFile; fileRef = C33BDD5D2C5675E700677EE9 /* SearchBarView.swift */; };
		C33BDD602C567B8500677EE9 /* UIApplication.swift in Sources */ = {isa = PBXBuildFile; fileRef = C33BDD5F2C567B8500677EE9 /* UIApplication.swift */; };
		C33BDD622C57E03000677EE9 /* StatisticModel.swift in Sources */ = {isa = PBXBuildFile; fileRef = C33BDD612C57E03000677EE9 /* StatisticModel.swift */; };
		C33BDD642C57E20000677EE9 /* StatisticView.swift in Sources */ = {isa = PBXBuildFile; fileRef = C33BDD632C57E20000677EE9 /* StatisticView.swift */; };
		C33BDD662C5801B600677EE9 /* HomeStatsView.swift in Sources */ = {isa = PBXBuildFile; fileRef = C33BDD652C5801B600677EE9 /* HomeStatsView.swift */; };
		C33BDD682C5ACF0500677EE9 /* MarketDataModel.swift in Sources */ = {isa = PBXBuildFile; fileRef = C33BDD672C5ACF0500677EE9 /* MarketDataModel.swift */; };
		C33BDD6A2C5BC88500677EE9 /* MarketDataService.swift in Sources */ = {isa = PBXBuildFile; fileRef = C33BDD692C5BC88500677EE9 /* MarketDataService.swift */; };
		C33BDDA02C5FCF1F00677EE9 /* PortfolioView.swift in Sources */ = {isa = PBXBuildFile; fileRef = C33BDD9F2C5FCF1F00677EE9 /* PortfolioView.swift */; };
		C33BDDA22C5FD24000677EE9 /* XMarkButton.swift in Sources */ = {isa = PBXBuildFile; fileRef = C33BDDA12C5FD24000677EE9 /* XMarkButton.swift */; };
		C33BDDA42C5FDA9C00677EE9 /* CoinLogoView.swift in Sources */ = {isa = PBXBuildFile; fileRef = C33BDDA32C5FDA9C00677EE9 /* CoinLogoView.swift */; };
		C33BDDA72C613E0C00677EE9 /* PortfolioContainer.xcdatamodeld in Sources */ = {isa = PBXBuildFile; fileRef = C33BDDA52C613E0C00677EE9 /* PortfolioContainer.xcdatamodeld */; };
		C33BDDA92C613ECA00677EE9 /* PortfolioDataService.swift in Sources */ = {isa = PBXBuildFile; fileRef = C33BDDA82C613ECA00677EE9 /* PortfolioDataService.swift */; };
		C384C6522C46C8CF006EEF9C /* CoinDataService.swift in Sources */ = {isa = PBXBuildFile; fileRef = C384C6512C46C8CF006EEF9C /* CoinDataService.swift */; };
		C384C6552C46D2E0006EEF9C /* NetworkingManager.swift in Sources */ = {isa = PBXBuildFile; fileRef = C384C6542C46D2E0006EEF9C /* NetworkingManager.swift */; };
		C384C6582C4D7BEC006EEF9C /* CoinImageView.swift in Sources */ = {isa = PBXBuildFile; fileRef = C384C6572C4D7BEC006EEF9C /* CoinImageView.swift */; };
		C388B4752C67DBA500BFE380 /* HapticManager.swift in Sources */ = {isa = PBXBuildFile; fileRef = C388B4742C67DBA500BFE380 /* HapticManager.swift */; };
		C388B47A2C6AF23700BFE380 /* DetailView.swift in Sources */ = {isa = PBXBuildFile; fileRef = C388B4792C6AF23700BFE380 /* DetailView.swift */; };
		C388B47C2C6FCF5800BFE380 /* CoinDetailModel.swift in Sources */ = {isa = PBXBuildFile; fileRef = C388B47B2C6FCF5800BFE380 /* CoinDetailModel.swift */; };
		C388B47E2C6FD31000BFE380 /* DetailViewModel.swift in Sources */ = {isa = PBXBuildFile; fileRef = C388B47D2C6FD31000BFE380 /* DetailViewModel.swift */; };
		C388B4802C6FD34500BFE380 /* CoinDetailDataService.swift in Sources */ = {isa = PBXBuildFile; fileRef = C388B47F2C6FD34500BFE380 /* CoinDetailDataService.swift */; };
		C388B4822C742B3F00BFE380 /* ChartView.swift in Sources */ = {isa = PBXBuildFile; fileRef = C388B4812C742B3F00BFE380 /* ChartView.swift */; };
		C388B4842C7500B000BFE380 /* Date.swift in Sources */ = {isa = PBXBuildFile; fileRef = C388B4832C7500B000BFE380 /* Date.swift */; };
		C388B4862C752A2B00BFE380 /* String.swift in Sources */ = {isa = PBXBuildFile; fileRef = C388B4852C752A2B00BFE380 /* String.swift */; };
		C388B48A2C77BFFD00BFE380 /* SettingsView.swift in Sources */ = {isa = PBXBuildFile; fileRef = C388B4892C77BFFD00BFE380 /* SettingsView.swift */; };
		C388B48E2C77CBAB00BFE380 /* LaunchScreen.storyboard in Resources */ = {isa = PBXBuildFile; fileRef = C388B48D2C77CBAB00BFE380 /* LaunchScreen.storyboard */; };
		C388B4902C77CD3600BFE380 /* LaunchView.swift in Sources */ = {isa = PBXBuildFile; fileRef = C388B48F2C77CD3600BFE380 /* LaunchView.swift */; };
		C38D790B2C4D92B4002E4D3D /* CoinImageService.swift in Sources */ = {isa = PBXBuildFile; fileRef = C38D790A2C4D92B4002E4D3D /* CoinImageService.swift */; };
		C38D790D2C4D943E002E4D3D /* CoinImageViewModel.swift in Sources */ = {isa = PBXBuildFile; fileRef = C38D790C2C4D943E002E4D3D /* CoinImageViewModel.swift */; };
		C38D790F2C501738002E4D3D /* LocalFileManager.swift in Sources */ = {isa = PBXBuildFile; fileRef = C38D790E2C501738002E4D3D /* LocalFileManager.swift */; };
		C398E2C52C417A6C0097F41B /* CryptoApp.swift in Sources */ = {isa = PBXBuildFile; fileRef = C398E2C42C417A6C0097F41B /* CryptoApp.swift */; };
		C398E2CC2C417A6E0097F41B /* Preview Assets.xcassets in Resources */ = {isa = PBXBuildFile; fileRef = C398E2CB2C417A6E0097F41B /* Preview Assets.xcassets */; };
		C398E2D32C417B150097F41B /* Assets.xcassets in Resources */ = {isa = PBXBuildFile; fileRef = C398E2D22C417B150097F41B /* Assets.xcassets */; };
		C398E2D62C417B9E0097F41B /* Color.swift in Sources */ = {isa = PBXBuildFile; fileRef = C398E2D52C417B9E0097F41B /* Color.swift */; };
		C398E2DD2C417E700097F41B /* HomeView.swift in Sources */ = {isa = PBXBuildFile; fileRef = C398E2DC2C417E700097F41B /* HomeView.swift */; };
		C398E2E22C417FC40097F41B /* CircleButtonView.swift in Sources */ = {isa = PBXBuildFile; fileRef = C398E2E12C417FC40097F41B /* CircleButtonView.swift */; };
		C398E2E42C418FC60097F41B /* CircleButtonAnimationView.swift in Sources */ = {isa = PBXBuildFile; fileRef = C398E2E32C418FC60097F41B /* CircleButtonAnimationView.swift */; };
		C398E2E72C4198EA0097F41B /* CoinModel.swift in Sources */ = {isa = PBXBuildFile; fileRef = C398E2E62C4198EA0097F41B /* CoinModel.swift */; };
		C398E2E92C447E1D0097F41B /* CoinRowView.swift in Sources */ = {isa = PBXBuildFile; fileRef = C398E2E82C447E1D0097F41B /* CoinRowView.swift */; };
		C398E2EB2C447E750097F41B /* PreviewProvider.swift in Sources */ = {isa = PBXBuildFile; fileRef = C398E2EA2C447E750097F41B /* PreviewProvider.swift */; };
		C398E2ED2C44828B0097F41B /* Double.swift in Sources */ = {isa = PBXBuildFile; fileRef = C398E2EC2C44828B0097F41B /* Double.swift */; };
		C398E2EF2C4491D90097F41B /* HomeViewModel.swift in Sources */ = {isa = PBXBuildFile; fileRef = C398E2EE2C4491D90097F41B /* HomeViewModel.swift */; };
/* End PBXBuildFile section */

/* Begin PBXFileReference section */
		C33BDD5D2C5675E700677EE9 /* SearchBarView.swift */ = {isa = PBXFileReference; lastKnownFileType = sourcecode.swift; path = SearchBarView.swift; sourceTree = "<group>"; };
		C33BDD5F2C567B8500677EE9 /* UIApplication.swift */ = {isa = PBXFileReference; lastKnownFileType = sourcecode.swift; path = UIApplication.swift; sourceTree = "<group>"; };
		C33BDD612C57E03000677EE9 /* StatisticModel.swift */ = {isa = PBXFileReference; lastKnownFileType = sourcecode.swift; path = StatisticModel.swift; sourceTree = "<group>"; };
		C33BDD632C57E20000677EE9 /* StatisticView.swift */ = {isa = PBXFileReference; lastKnownFileType = sourcecode.swift; path = StatisticView.swift; sourceTree = "<group>"; };
		C33BDD652C5801B600677EE9 /* HomeStatsView.swift */ = {isa = PBXFileReference; lastKnownFileType = sourcecode.swift; path = HomeStatsView.swift; sourceTree = "<group>"; };
		C33BDD672C5ACF0500677EE9 /* MarketDataModel.swift */ = {isa = PBXFileReference; lastKnownFileType = sourcecode.swift; path = MarketDataModel.swift; sourceTree = "<group>"; };
		C33BDD692C5BC88500677EE9 /* MarketDataService.swift */ = {isa = PBXFileReference; lastKnownFileType = sourcecode.swift; path = MarketDataService.swift; sourceTree = "<group>"; };
		C33BDD9F2C5FCF1F00677EE9 /* PortfolioView.swift */ = {isa = PBXFileReference; lastKnownFileType = sourcecode.swift; path = PortfolioView.swift; sourceTree = "<group>"; };
		C33BDDA12C5FD24000677EE9 /* XMarkButton.swift */ = {isa = PBXFileReference; lastKnownFileType = sourcecode.swift; path = XMarkButton.swift; sourceTree = "<group>"; };
		C33BDDA32C5FDA9C00677EE9 /* CoinLogoView.swift */ = {isa = PBXFileReference; lastKnownFileType = sourcecode.swift; path = CoinLogoView.swift; sourceTree = "<group>"; };
		C33BDDA62C613E0C00677EE9 /* PortfolioContainer.xcdatamodel */ = {isa = PBXFileReference; lastKnownFileType = wrapper.xcdatamodel; path = PortfolioContainer.xcdatamodel; sourceTree = "<group>"; };
		C33BDDA82C613ECA00677EE9 /* PortfolioDataService.swift */ = {isa = PBXFileReference; lastKnownFileType = sourcecode.swift; path = PortfolioDataService.swift; sourceTree = "<group>"; };
		C384C6512C46C8CF006EEF9C /* CoinDataService.swift */ = {isa = PBXFileReference; lastKnownFileType = sourcecode.swift; path = CoinDataService.swift; sourceTree = "<group>"; };
		C384C6542C46D2E0006EEF9C /* NetworkingManager.swift */ = {isa = PBXFileReference; lastKnownFileType = sourcecode.swift; path = NetworkingManager.swift; sourceTree = "<group>"; };
		C384C6572C4D7BEC006EEF9C /* CoinImageView.swift */ = {isa = PBXFileReference; lastKnownFileType = sourcecode.swift; path = CoinImageView.swift; sourceTree = "<group>"; };
		C388B4742C67DBA500BFE380 /* HapticManager.swift */ = {isa = PBXFileReference; lastKnownFileType = sourcecode.swift; path = HapticManager.swift; sourceTree = "<group>"; };
		C388B4792C6AF23700BFE380 /* DetailView.swift */ = {isa = PBXFileReference; lastKnownFileType = sourcecode.swift; path = DetailView.swift; sourceTree = "<group>"; };
		C388B47B2C6FCF5800BFE380 /* CoinDetailModel.swift */ = {isa = PBXFileReference; lastKnownFileType = sourcecode.swift; path = CoinDetailModel.swift; sourceTree = "<group>"; };
		C388B47D2C6FD31000BFE380 /* DetailViewModel.swift */ = {isa = PBXFileReference; lastKnownFileType = sourcecode.swift; path = DetailViewModel.swift; sourceTree = "<group>"; };
		C388B47F2C6FD34500BFE380 /* CoinDetailDataService.swift */ = {isa = PBXFileReference; lastKnownFileType = sourcecode.swift; path = CoinDetailDataService.swift; sourceTree = "<group>"; };
		C388B4812C742B3F00BFE380 /* ChartView.swift */ = {isa = PBXFileReference; lastKnownFileType = sourcecode.swift; path = ChartView.swift; sourceTree = "<group>"; };
		C388B4832C7500B000BFE380 /* Date.swift */ = {isa = PBXFileReference; lastKnownFileType = sourcecode.swift; path = Date.swift; sourceTree = "<group>"; };
		C388B4852C752A2B00BFE380 /* String.swift */ = {isa = PBXFileReference; lastKnownFileType = sourcecode.swift; path = String.swift; sourceTree = "<group>"; };
		C388B4892C77BFFD00BFE380 /* SettingsView.swift */ = {isa = PBXFileReference; lastKnownFileType = sourcecode.swift; path = SettingsView.swift; sourceTree = "<group>"; };
		C388B48D2C77CBAB00BFE380 /* LaunchScreen.storyboard */ = {isa = PBXFileReference; lastKnownFileType = file.storyboard; path = LaunchScreen.storyboard; sourceTree = "<group>"; };
		C388B48F2C77CD3600BFE380 /* LaunchView.swift */ = {isa = PBXFileReference; lastKnownFileType = sourcecode.swift; path = LaunchView.swift; sourceTree = "<group>"; };
		C38D790A2C4D92B4002E4D3D /* CoinImageService.swift */ = {isa = PBXFileReference; lastKnownFileType = sourcecode.swift; path = CoinImageService.swift; sourceTree = "<group>"; };
		C38D790C2C4D943E002E4D3D /* CoinImageViewModel.swift */ = {isa = PBXFileReference; lastKnownFileType = sourcecode.swift; path = CoinImageViewModel.swift; sourceTree = "<group>"; };
		C38D790E2C501738002E4D3D /* LocalFileManager.swift */ = {isa = PBXFileReference; lastKnownFileType = sourcecode.swift; path = LocalFileManager.swift; sourceTree = "<group>"; };
		C398E2C12C417A6C0097F41B /* Crypto.app */ = {isa = PBXFileReference; explicitFileType = wrapper.application; includeInIndex = 0; path = Crypto.app; sourceTree = BUILT_PRODUCTS_DIR; };
		C398E2C42C417A6C0097F41B /* CryptoApp.swift */ = {isa = PBXFileReference; lastKnownFileType = sourcecode.swift; path = CryptoApp.swift; sourceTree = "<group>"; };
		C398E2CB2C417A6E0097F41B /* Preview Assets.xcassets */ = {isa = PBXFileReference; lastKnownFileType = folder.assetcatalog; path = "Preview Assets.xcassets"; sourceTree = "<group>"; };
		C398E2D22C417B150097F41B /* Assets.xcassets */ = {isa = PBXFileReference; lastKnownFileType = folder.assetcatalog; name = Assets.xcassets; path = ../../../../Downloads/Resources/Assets.xcassets; sourceTree = "<group>"; };
		C398E2D52C417B9E0097F41B /* Color.swift */ = {isa = PBXFileReference; lastKnownFileType = sourcecode.swift; path = Color.swift; sourceTree = "<group>"; };
		C398E2DC2C417E700097F41B /* HomeView.swift */ = {isa = PBXFileReference; lastKnownFileType = sourcecode.swift; path = HomeView.swift; sourceTree = "<group>"; };
		C398E2E12C417FC40097F41B /* CircleButtonView.swift */ = {isa = PBXFileReference; lastKnownFileType = sourcecode.swift; path = CircleButtonView.swift; sourceTree = "<group>"; };
		C398E2E32C418FC60097F41B /* CircleButtonAnimationView.swift */ = {isa = PBXFileReference; lastKnownFileType = sourcecode.swift; path = CircleButtonAnimationView.swift; sourceTree = "<group>"; };
		C398E2E62C4198EA0097F41B /* CoinModel.swift */ = {isa = PBXFileReference; lastKnownFileType = sourcecode.swift; path = CoinModel.swift; sourceTree = "<group>"; };
		C398E2E82C447E1D0097F41B /* CoinRowView.swift */ = {isa = PBXFileReference; lastKnownFileType = sourcecode.swift; path = CoinRowView.swift; sourceTree = "<group>"; };
		C398E2EA2C447E750097F41B /* PreviewProvider.swift */ = {isa = PBXFileReference; lastKnownFileType = sourcecode.swift; path = PreviewProvider.swift; sourceTree = "<group>"; };
		C398E2EC2C44828B0097F41B /* Double.swift */ = {isa = PBXFileReference; lastKnownFileType = sourcecode.swift; path = Double.swift; sourceTree = "<group>"; };
		C398E2EE2C4491D90097F41B /* HomeViewModel.swift */ = {isa = PBXFileReference; lastKnownFileType = sourcecode.swift; path = HomeViewModel.swift; sourceTree = "<group>"; };
/* End PBXFileReference section */

/* Begin PBXFrameworksBuildPhase section */
		C398E2BE2C417A6C0097F41B /* Frameworks */ = {
			isa = PBXFrameworksBuildPhase;
			buildActionMask = 2147483647;
			files = (
			);
			runOnlyForDeploymentPostprocessing = 0;
		};
/* End PBXFrameworksBuildPhase section */

/* Begin PBXGroup section */
		C384C6502C46C8B4006EEF9C /* Services */ = {
			isa = PBXGroup;
			children = (
				C384C6512C46C8CF006EEF9C /* CoinDataService.swift */,
				C38D790A2C4D92B4002E4D3D /* CoinImageService.swift */,
				C33BDD692C5BC88500677EE9 /* MarketDataService.swift */,
				C33BDDA82C613ECA00677EE9 /* PortfolioDataService.swift */,
				C388B47F2C6FD34500BFE380 /* CoinDetailDataService.swift */,
			);
			path = Services;
			sourceTree = "<group>";
		};
		C384C6532C46D2B0006EEF9C /* Utilities */ = {
			isa = PBXGroup;
			children = (
				C384C6542C46D2E0006EEF9C /* NetworkingManager.swift */,
				C38D790E2C501738002E4D3D /* LocalFileManager.swift */,
				C388B4742C67DBA500BFE380 /* HapticManager.swift */,
			);
			path = Utilities;
			sourceTree = "<group>";
		};
		C384C6562C4D7BD1006EEF9C /* CoinImage */ = {
			isa = PBXGroup;
			children = (
				C384C6572C4D7BEC006EEF9C /* CoinImageView.swift */,
				C38D790C2C4D943E002E4D3D /* CoinImageViewModel.swift */,
				C33BDDA32C5FDA9C00677EE9 /* CoinLogoView.swift */,
			);
			path = CoinImage;
			sourceTree = "<group>";
		};
		C388B4762C6AF1F100BFE380 /* Detail */ = {
			isa = PBXGroup;
			children = (
				C388B4782C6AF22500BFE380 /* Views */,
				C388B4772C6AF21D00BFE380 /* ViewModel */,
			);
			path = Detail;
			sourceTree = "<group>";
		};
		C388B4772C6AF21D00BFE380 /* ViewModel */ = {
			isa = PBXGroup;
			children = (
				C388B47D2C6FD31000BFE380 /* DetailViewModel.swift */,
			);
			path = ViewModel;
			sourceTree = "<group>";
		};
		C388B4782C6AF22500BFE380 /* Views */ = {
			isa = PBXGroup;
			children = (
				C388B4792C6AF23700BFE380 /* DetailView.swift */,
				C388B4812C742B3F00BFE380 /* ChartView.swift */,
			);
			path = Views;
			sourceTree = "<group>";
		};
		C388B4872C77BFE000BFE380 /* Settings */ = {
			isa = PBXGroup;
			children = (
				C388B4882C77BFEE00BFE380 /* Views */,
			);
			path = Settings;
			sourceTree = "<group>";
		};
		C388B4882C77BFEE00BFE380 /* Views */ = {
			isa = PBXGroup;
			children = (
				C388B4892C77BFFD00BFE380 /* SettingsView.swift */,
			);
			path = Views;
			sourceTree = "<group>";
		};
		C388B48B2C77CB8200BFE380 /* Launch */ = {
			isa = PBXGroup;
			children = (
				C388B48C2C77CB9000BFE380 /* Views */,
			);
			path = Launch;
			sourceTree = "<group>";
		};
		C388B48C2C77CB9000BFE380 /* Views */ = {
			isa = PBXGroup;
			children = (
				C388B48D2C77CBAB00BFE380 /* LaunchScreen.storyboard */,
				C388B48F2C77CD3600BFE380 /* LaunchView.swift */,
			);
			path = Views;
			sourceTree = "<group>";
		};
		C398E2B82C417A6C0097F41B = {
			isa = PBXGroup;
			children = (
				C398E2C32C417A6C0097F41B /* Crypto */,
				C398E2C22C417A6C0097F41B /* Products */,
			);
			sourceTree = "<group>";
		};
		C398E2C22C417A6C0097F41B /* Products */ = {
			isa = PBXGroup;
			children = (
				C398E2C12C417A6C0097F41B /* Crypto.app */,
			);
			name = Products;
			sourceTree = "<group>";
		};
		C398E2C32C417A6C0097F41B /* Crypto */ = {
			isa = PBXGroup;
			children = (
				C388B4872C77BFE000BFE380 /* Settings */,
				C384C6532C46D2B0006EEF9C /* Utilities */,
				C384C6502C46C8B4006EEF9C /* Services */,
				C398E2E52C4198CD0097F41B /* Model */,
				C398E2D82C417E3F0097F41B /* Core */,
				C398E2D42C417B760097F41B /* Extensions */,
				C398E2C42C417A6C0097F41B /* CryptoApp.swift */,
				C398E2D22C417B150097F41B /* Assets.xcassets */,
				C398E2CA2C417A6E0097F41B /* Preview Content */,
			);
			path = Crypto;
			sourceTree = "<group>";
		};
		C398E2CA2C417A6E0097F41B /* Preview Content */ = {
			isa = PBXGroup;
			children = (
				C398E2CB2C417A6E0097F41B /* Preview Assets.xcassets */,
			);
			path = "Preview Content";
			sourceTree = "<group>";
		};
		C398E2D42C417B760097F41B /* Extensions */ = {
			isa = PBXGroup;
			children = (
				C398E2D52C417B9E0097F41B /* Color.swift */,
				C398E2EA2C447E750097F41B /* PreviewProvider.swift */,
				C398E2EC2C44828B0097F41B /* Double.swift */,
				C33BDD5F2C567B8500677EE9 /* UIApplication.swift */,
				C388B4832C7500B000BFE380 /* Date.swift */,
				C388B4852C752A2B00BFE380 /* String.swift */,
			);
			path = Extensions;
			sourceTree = "<group>";
		};
		C398E2D82C417E3F0097F41B /* Core */ = {
			isa = PBXGroup;
			children = (
				C398E2DF2C417FAA0097F41B /* Components */,
				C388B48B2C77CB8200BFE380 /* Launch */,
				C398E2D92C417E460097F41B /* Home */,
				C388B4762C6AF1F100BFE380 /* Detail */,
			);
			path = Core;
			sourceTree = "<group>";
		};
		C398E2D92C417E460097F41B /* Home */ = {
			isa = PBXGroup;
			children = (
				C398E2DB2C417E570097F41B /* ViewModels */,
				C398E2DA2C417E500097F41B /* Views */,
			);
			path = Home;
			sourceTree = "<group>";
		};
		C398E2DA2C417E500097F41B /* Views */ = {
			isa = PBXGroup;
			children = (
				C398E2DC2C417E700097F41B /* HomeView.swift */,
				C398E2E82C447E1D0097F41B /* CoinRowView.swift */,
				C33BDD652C5801B600677EE9 /* HomeStatsView.swift */,
				C33BDD9F2C5FCF1F00677EE9 /* PortfolioView.swift */,
			);
			path = Views;
			sourceTree = "<group>";
		};
		C398E2DB2C417E570097F41B /* ViewModels */ = {
			isa = PBXGroup;
			children = (
				C398E2EE2C4491D90097F41B /* HomeViewModel.swift */,
			);
			path = ViewModels;
			sourceTree = "<group>";
		};
		C398E2DF2C417FAA0097F41B /* Components */ = {
			isa = PBXGroup;
			children = (
				C384C6562C4D7BD1006EEF9C /* CoinImage */,
				C398E2E02C417FB40097F41B /* CircleButton */,
				C33BDD5D2C5675E700677EE9 /* SearchBarView.swift */,
				C33BDD632C57E20000677EE9 /* StatisticView.swift */,
				C33BDDA12C5FD24000677EE9 /* XMarkButton.swift */,
			);
			path = Components;
			sourceTree = "<group>";
		};
		C398E2E02C417FB40097F41B /* CircleButton */ = {
			isa = PBXGroup;
			children = (
				C398E2E12C417FC40097F41B /* CircleButtonView.swift */,
				C398E2E32C418FC60097F41B /* CircleButtonAnimationView.swift */,
			);
			path = CircleButton;
			sourceTree = "<group>";
		};
		C398E2E52C4198CD0097F41B /* Model */ = {
			isa = PBXGroup;
			children = (
				C398E2E62C4198EA0097F41B /* CoinModel.swift */,
				C388B47B2C6FCF5800BFE380 /* CoinDetailModel.swift */,
				C33BDD612C57E03000677EE9 /* StatisticModel.swift */,
				C33BDD672C5ACF0500677EE9 /* MarketDataModel.swift */,
				C33BDDA52C613E0C00677EE9 /* PortfolioContainer.xcdatamodeld */,
			);
			path = Model;
			sourceTree = "<group>";
		};
/* End PBXGroup section */

/* Begin PBXNativeTarget section */
		C398E2C02C417A6C0097F41B /* Crypto */ = {
			isa = PBXNativeTarget;
			buildConfigurationList = C398E2CF2C417A6E0097F41B /* Build configuration list for PBXNativeTarget "Crypto" */;
			buildPhases = (
				C398E2BD2C417A6C0097F41B /* Sources */,
				C398E2BE2C417A6C0097F41B /* Frameworks */,
				C398E2BF2C417A6C0097F41B /* Resources */,
			);
			buildRules = (
			);
			dependencies = (
			);
			name = Crypto;
			productName = Crypto;
			productReference = C398E2C12C417A6C0097F41B /* Crypto.app */;
			productType = "com.apple.product-type.application";
		};
/* End PBXNativeTarget section */

/* Begin PBXProject section */
		C398E2B92C417A6C0097F41B /* Project object */ = {
			isa = PBXProject;
			attributes = {
				BuildIndependentTargetsInParallel = 1;
				LastSwiftUpdateCheck = 1520;
				LastUpgradeCheck = 1520;
				TargetAttributes = {
					C398E2C02C417A6C0097F41B = {
						CreatedOnToolsVersion = 15.2;
					};
				};
			};
			buildConfigurationList = C398E2BC2C417A6C0097F41B /* Build configuration list for PBXProject "Crypto" */;
			compatibilityVersion = "Xcode 14.0";
			developmentRegion = en;
			hasScannedForEncodings = 0;
			knownRegions = (
				en,
				Base,
			);
			mainGroup = C398E2B82C417A6C0097F41B;
			productRefGroup = C398E2C22C417A6C0097F41B /* Products */;
			projectDirPath = "";
			projectRoot = "";
			targets = (
				C398E2C02C417A6C0097F41B /* Crypto */,
			);
		};
/* End PBXProject section */

/* Begin PBXResourcesBuildPhase section */
		C398E2BF2C417A6C0097F41B /* Resources */ = {
			isa = PBXResourcesBuildPhase;
			buildActionMask = 2147483647;
			files = (
				C388B48E2C77CBAB00BFE380 /* LaunchScreen.storyboard in Resources */,
				C398E2CC2C417A6E0097F41B /* Preview Assets.xcassets in Resources */,
				C398E2D32C417B150097F41B /* Assets.xcassets in Resources */,
			);
			runOnlyForDeploymentPostprocessing = 0;
		};
/* End PBXResourcesBuildPhase section */

/* Begin PBXSourcesBuildPhase section */
		C398E2BD2C417A6C0097F41B /* Sources */ = {
			isa = PBXSourcesBuildPhase;
			buildActionMask = 2147483647;
			files = (
				C33BDD622C57E03000677EE9 /* StatisticModel.swift in Sources */,
				C33BDD6A2C5BC88500677EE9 /* MarketDataService.swift in Sources */,
				C33BDDA42C5FDA9C00677EE9 /* CoinLogoView.swift in Sources */,
				C33BDD642C57E20000677EE9 /* StatisticView.swift in Sources */,
				C33BDD602C567B8500677EE9 /* UIApplication.swift in Sources */,
				C33BDDA72C613E0C00677EE9 /* PortfolioContainer.xcdatamodeld in Sources */,
				C388B48A2C77BFFD00BFE380 /* SettingsView.swift in Sources */,
				C388B4902C77CD3600BFE380 /* LaunchView.swift in Sources */,
				C38D790D2C4D943E002E4D3D /* CoinImageViewModel.swift in Sources */,
				C384C6582C4D7BEC006EEF9C /* CoinImageView.swift in Sources */,
				C388B47C2C6FCF5800BFE380 /* CoinDetailModel.swift in Sources */,
				C398E2E92C447E1D0097F41B /* CoinRowView.swift in Sources */,
				C33BDDA02C5FCF1F00677EE9 /* PortfolioView.swift in Sources */,
				C398E2EF2C4491D90097F41B /* HomeViewModel.swift in Sources */,
				C398E2DD2C417E700097F41B /* HomeView.swift in Sources */,
				C398E2C52C417A6C0097F41B /* CryptoApp.swift in Sources */,
				C388B47A2C6AF23700BFE380 /* DetailView.swift in Sources */,
				C388B47E2C6FD31000BFE380 /* DetailViewModel.swift in Sources */,
				C388B4842C7500B000BFE380 /* Date.swift in Sources */,
				C398E2E22C417FC40097F41B /* CircleButtonView.swift in Sources */,
				C38D790F2C501738002E4D3D /* LocalFileManager.swift in Sources */,
				C33BDD662C5801B600677EE9 /* HomeStatsView.swift in Sources */,
				C398E2D62C417B9E0097F41B /* Color.swift in Sources */,
				C33BDD682C5ACF0500677EE9 /* MarketDataModel.swift in Sources */,
				C33BDDA92C613ECA00677EE9 /* PortfolioDataService.swift in Sources */,
				C398E2E42C418FC60097F41B /* CircleButtonAnimationView.swift in Sources */,
				C398E2EB2C447E750097F41B /* PreviewProvider.swift in Sources */,
				C398E2ED2C44828B0097F41B /* Double.swift in Sources */,
				C384C6552C46D2E0006EEF9C /* NetworkingManager.swift in Sources */,
				C398E2E72C4198EA0097F41B /* CoinModel.swift in Sources */,
				C388B4822C742B3F00BFE380 /* ChartView.swift in Sources */,
				C388B4752C67DBA500BFE380 /* HapticManager.swift in Sources */,
				C388B4862C752A2B00BFE380 /* String.swift in Sources */,
				C33BDDA22C5FD24000677EE9 /* XMarkButton.swift in Sources */,
				C388B4802C6FD34500BFE380 /* CoinDetailDataService.swift in Sources */,
				C38D790B2C4D92B4002E4D3D /* CoinImageService.swift in Sources */,
				C33BDD5E2C5675E700677EE9 /* SearchBarView.swift in Sources */,
				C384C6522C46C8CF006EEF9C /* CoinDataService.swift in Sources */,
			);
			runOnlyForDeploymentPostprocessing = 0;
		};
/* End PBXSourcesBuildPhase section */

/* Begin XCBuildConfiguration section */
		C398E2CD2C417A6E0097F41B /* Debug */ = {
			isa = XCBuildConfiguration;
			buildSettings = {
				ALWAYS_SEARCH_USER_PATHS = NO;
				ASSETCATALOG_COMPILER_GENERATE_SWIFT_ASSET_SYMBOL_EXTENSIONS = YES;
				CLANG_ANALYZER_NONNULL = YES;
				CLANG_ANALYZER_NUMBER_OBJECT_CONVERSION = YES_AGGRESSIVE;
				CLANG_CXX_LANGUAGE_STANDARD = "gnu++20";
				CLANG_ENABLE_MODULES = YES;
				CLANG_ENABLE_OBJC_ARC = YES;
				CLANG_ENABLE_OBJC_WEAK = YES;
				CLANG_WARN_BLOCK_CAPTURE_AUTORELEASING = YES;
				CLANG_WARN_BOOL_CONVERSION = YES;
				CLANG_WARN_COMMA = YES;
				CLANG_WARN_CONSTANT_CONVERSION = YES;
				CLANG_WARN_DEPRECATED_OBJC_IMPLEMENTATIONS = YES;
				CLANG_WARN_DIRECT_OBJC_ISA_USAGE = YES_ERROR;
				CLANG_WARN_DOCUMENTATION_COMMENTS = YES;
				CLANG_WARN_EMPTY_BODY = YES;
				CLANG_WARN_ENUM_CONVERSION = YES;
				CLANG_WARN_INFINITE_RECURSION = YES;
				CLANG_WARN_INT_CONVERSION = YES;
				CLANG_WARN_NON_LITERAL_NULL_CONVERSION = YES;
				CLANG_WARN_OBJC_IMPLICIT_RETAIN_SELF = YES;
				CLANG_WARN_OBJC_LITERAL_CONVERSION = YES;
				CLANG_WARN_OBJC_ROOT_CLASS = YES_ERROR;
				CLANG_WARN_QUOTED_INCLUDE_IN_FRAMEWORK_HEADER = YES;
				CLANG_WARN_RANGE_LOOP_ANALYSIS = YES;
				CLANG_WARN_STRICT_PROTOTYPES = YES;
				CLANG_WARN_SUSPICIOUS_MOVE = YES;
				CLANG_WARN_UNGUARDED_AVAILABILITY = YES_AGGRESSIVE;
				CLANG_WARN_UNREACHABLE_CODE = YES;
				CLANG_WARN__DUPLICATE_METHOD_MATCH = YES;
				COPY_PHASE_STRIP = NO;
				DEBUG_INFORMATION_FORMAT = dwarf;
				ENABLE_STRICT_OBJC_MSGSEND = YES;
				ENABLE_TESTABILITY = YES;
				ENABLE_USER_SCRIPT_SANDBOXING = YES;
				GCC_C_LANGUAGE_STANDARD = gnu17;
				GCC_DYNAMIC_NO_PIC = NO;
				GCC_NO_COMMON_BLOCKS = YES;
				GCC_OPTIMIZATION_LEVEL = 0;
				GCC_PREPROCESSOR_DEFINITIONS = (
					"DEBUG=1",
					"$(inherited)",
				);
				GCC_WARN_64_TO_32_BIT_CONVERSION = YES;
				GCC_WARN_ABOUT_RETURN_TYPE = YES_ERROR;
				GCC_WARN_UNDECLARED_SELECTOR = YES;
				GCC_WARN_UNINITIALIZED_AUTOS = YES_AGGRESSIVE;
				GCC_WARN_UNUSED_FUNCTION = YES;
				GCC_WARN_UNUSED_VARIABLE = YES;
				IPHONEOS_DEPLOYMENT_TARGET = 17.2;
				LOCALIZATION_PREFERS_STRING_CATALOGS = YES;
				MTL_ENABLE_DEBUG_INFO = INCLUDE_SOURCE;
				MTL_FAST_MATH = YES;
				ONLY_ACTIVE_ARCH = YES;
				SDKROOT = iphoneos;
				SWIFT_ACTIVE_COMPILATION_CONDITIONS = "DEBUG $(inherited)";
				SWIFT_OPTIMIZATION_LEVEL = "-Onone";
			};
			name = Debug;
		};
		C398E2CE2C417A6E0097F41B /* Release */ = {
			isa = XCBuildConfiguration;
			buildSettings = {
				ALWAYS_SEARCH_USER_PATHS = NO;
				ASSETCATALOG_COMPILER_GENERATE_SWIFT_ASSET_SYMBOL_EXTENSIONS = YES;
				CLANG_ANALYZER_NONNULL = YES;
				CLANG_ANALYZER_NUMBER_OBJECT_CONVERSION = YES_AGGRESSIVE;
				CLANG_CXX_LANGUAGE_STANDARD = "gnu++20";
				CLANG_ENABLE_MODULES = YES;
				CLANG_ENABLE_OBJC_ARC = YES;
				CLANG_ENABLE_OBJC_WEAK = YES;
				CLANG_WARN_BLOCK_CAPTURE_AUTORELEASING = YES;
				CLANG_WARN_BOOL_CONVERSION = YES;
				CLANG_WARN_COMMA = YES;
				CLANG_WARN_CONSTANT_CONVERSION = YES;
				CLANG_WARN_DEPRECATED_OBJC_IMPLEMENTATIONS = YES;
				CLANG_WARN_DIRECT_OBJC_ISA_USAGE = YES_ERROR;
				CLANG_WARN_DOCUMENTATION_COMMENTS = YES;
				CLANG_WARN_EMPTY_BODY = YES;
				CLANG_WARN_ENUM_CONVERSION = YES;
				CLANG_WARN_INFINITE_RECURSION = YES;
				CLANG_WARN_INT_CONVERSION = YES;
				CLANG_WARN_NON_LITERAL_NULL_CONVERSION = YES;
				CLANG_WARN_OBJC_IMPLICIT_RETAIN_SELF = YES;
				CLANG_WARN_OBJC_LITERAL_CONVERSION = YES;
				CLANG_WARN_OBJC_ROOT_CLASS = YES_ERROR;
				CLANG_WARN_QUOTED_INCLUDE_IN_FRAMEWORK_HEADER = YES;
				CLANG_WARN_RANGE_LOOP_ANALYSIS = YES;
				CLANG_WARN_STRICT_PROTOTYPES = YES;
				CLANG_WARN_SUSPICIOUS_MOVE = YES;
				CLANG_WARN_UNGUARDED_AVAILABILITY = YES_AGGRESSIVE;
				CLANG_WARN_UNREACHABLE_CODE = YES;
				CLANG_WARN__DUPLICATE_METHOD_MATCH = YES;
				COPY_PHASE_STRIP = NO;
				DEBUG_INFORMATION_FORMAT = "dwarf-with-dsym";
				ENABLE_NS_ASSERTIONS = NO;
				ENABLE_STRICT_OBJC_MSGSEND = YES;
				ENABLE_USER_SCRIPT_SANDBOXING = YES;
				GCC_C_LANGUAGE_STANDARD = gnu17;
				GCC_NO_COMMON_BLOCKS = YES;
				GCC_WARN_64_TO_32_BIT_CONVERSION = YES;
				GCC_WARN_ABOUT_RETURN_TYPE = YES_ERROR;
				GCC_WARN_UNDECLARED_SELECTOR = YES;
				GCC_WARN_UNINITIALIZED_AUTOS = YES_AGGRESSIVE;
				GCC_WARN_UNUSED_FUNCTION = YES;
				GCC_WARN_UNUSED_VARIABLE = YES;
				IPHONEOS_DEPLOYMENT_TARGET = 17.2;
				LOCALIZATION_PREFERS_STRING_CATALOGS = YES;
				MTL_ENABLE_DEBUG_INFO = NO;
				MTL_FAST_MATH = YES;
				SDKROOT = iphoneos;
				SWIFT_COMPILATION_MODE = wholemodule;
				VALIDATE_PRODUCT = YES;
			};
			name = Release;
		};
		C398E2D02C417A6E0097F41B /* Debug */ = {
			isa = XCBuildConfiguration;
			buildSettings = {
				ASSETCATALOG_COMPILER_APPICON_NAME = AppIcon;
				ASSETCATALOG_COMPILER_GLOBAL_ACCENT_COLOR_NAME = AccentColor;
				CODE_SIGN_STYLE = Automatic;
				CURRENT_PROJECT_VERSION = 1;
				DEVELOPMENT_ASSET_PATHS = "\"Crypto/Preview Content\"";
				ENABLE_PREVIEWS = YES;
				GENERATE_INFOPLIST_FILE = YES;
				INFOPLIST_KEY_CFBundleDisplayName = "Crypto Tracker";
				INFOPLIST_KEY_UIApplicationSceneManifest_Generation = YES;
				INFOPLIST_KEY_UIApplicationSupportsIndirectInputEvents = YES;
				INFOPLIST_KEY_UILaunchScreen_Generation = YES;
				INFOPLIST_KEY_UILaunchStoryboardName = LaunchScreen.storyboard;
				INFOPLIST_KEY_UISupportedInterfaceOrientations = UIInterfaceOrientationPortrait;
				LD_RUNPATH_SEARCH_PATHS = (
					"$(inherited)",
					"@executable_path/Frameworks",
				);
				MARKETING_VERSION = 1.0;
				PRODUCT_BUNDLE_IDENTIFIER = com.Teja.Crypto;
				PRODUCT_NAME = "$(TARGET_NAME)";
				SWIFT_EMIT_LOC_STRINGS = YES;
				SWIFT_VERSION = 5.0;
				TARGETED_DEVICE_FAMILY = "1,2";
			};
			name = Debug;
		};
		C398E2D12C417A6E0097F41B /* Release */ = {
			isa = XCBuildConfiguration;
			buildSettings = {
				ASSETCATALOG_COMPILER_APPICON_NAME = AppIcon;
				ASSETCATALOG_COMPILER_GLOBAL_ACCENT_COLOR_NAME = AccentColor;
				CODE_SIGN_STYLE = Automatic;
				CURRENT_PROJECT_VERSION = 1;
				DEVELOPMENT_ASSET_PATHS = "\"Crypto/Preview Content\"";
				ENABLE_PREVIEWS = YES;
				GENERATE_INFOPLIST_FILE = YES;
				INFOPLIST_KEY_CFBundleDisplayName = "Crypto Tracker";
				INFOPLIST_KEY_UIApplicationSceneManifest_Generation = YES;
				INFOPLIST_KEY_UIApplicationSupportsIndirectInputEvents = YES;
				INFOPLIST_KEY_UILaunchScreen_Generation = YES;
				INFOPLIST_KEY_UILaunchStoryboardName = LaunchScreen.storyboard;
				INFOPLIST_KEY_UISupportedInterfaceOrientations = UIInterfaceOrientationPortrait;
				LD_RUNPATH_SEARCH_PATHS = (
					"$(inherited)",
					"@executable_path/Frameworks",
				);
				MARKETING_VERSION = 1.0;
				PRODUCT_BUNDLE_IDENTIFIER = com.Teja.Crypto;
				PRODUCT_NAME = "$(TARGET_NAME)";
				SWIFT_EMIT_LOC_STRINGS = YES;
				SWIFT_VERSION = 5.0;
				TARGETED_DEVICE_FAMILY = "1,2";
			};
			name = Release;
		};
/* End XCBuildConfiguration section */

/* Begin XCConfigurationList section */
		C398E2BC2C417A6C0097F41B /* Build configuration list for PBXProject "Crypto" */ = {
			isa = XCConfigurationList;
			buildConfigurations = (
				C398E2CD2C417A6E0097F41B /* Debug */,
				C398E2CE2C417A6E0097F41B /* Release */,
			);
			defaultConfigurationIsVisible = 0;
			defaultConfigurationName = Release;
		};
		C398E2CF2C417A6E0097F41B /* Build configuration list for PBXNativeTarget "Crypto" */ = {
			isa = XCConfigurationList;
			buildConfigurations = (
				C398E2D02C417A6E0097F41B /* Debug */,
				C398E2D12C417A6E0097F41B /* Release */,
			);
			defaultConfigurationIsVisible = 0;
			defaultConfigurationName = Release;
		};
/* End XCConfigurationList section */

/* Begin XCVersionGroup section */
		C33BDDA52C613E0C00677EE9 /* PortfolioContainer.xcdatamodeld */ = {
			isa = XCVersionGroup;
			children = (
				C33BDDA62C613E0C00677EE9 /* PortfolioContainer.xcdatamodel */,
			);
			currentVersion = C33BDDA62C613E0C00677EE9 /* PortfolioContainer.xcdatamodel */;
			path = PortfolioContainer.xcdatamodeld;
			sourceTree = "<group>";
			versionGroupType = wrapper.xcdatamodel;
		};
/* End XCVersionGroup section */
	};
	rootObject = C398E2B92C417A6C0097F41B /* Project object */;
}
